
Microsoft Visual Studio Solution File, Format Version 12.00
# Visual Studio Version 16
VisualStudioVersion = 16.0.29709.97
MinimumVisualStudioVersion = 10.0.40219.1
Project("{8BC9CEB8-8B4A-11D0-8D11-00A0C91BC942}") = "4 - 1 constants + variables comments", "4 - 1 constants + variables comments\4 - 1 constants + variables comments.vcxproj", "{D8A7210E-A0CF-4F6D-8B6E-528683402B20}"
EndProject
Global
	GlobalSection(SolutionConfigurationPlatforms) = preSolution
		Debug|x64 = Debug|x64
		Debug|x86 = Debug|x86
		Release|x64 = Release|x64
		Release|x86 = Release|x86
	EndGlobalSection
	GlobalSection(ProjectConfigurationPlatforms) = postSolution
		{D8A7210E-A0CF-4F6D-8B6E-528683402B20}.Debug|x64.ActiveCfg = Debug|x64
		{D8A7210E-A0CF-4F6D-8B6E-528683402B20}.Debug|x64.Build.0 = Debug|x64
		{D8A7210E-A0CF-4F6D-8B6E-528683402B20}.Debug|x86.ActiveCfg = Debug|Win32
		{D8A7210E-A0CF-4F6D-8B6E-528683402B20}.Debug|x86.Build.0 = Debug|Win32
		{D8A7210E-A0CF-4F6D-8B6E-528683402B20}.Release|x64.ActiveCfg = Release|x64
		{D8A7210E-A0CF-4F6D-8B6E-528683402B20}.Release|x64.Build.0 = Release|x64
		{D8A7210E-A0CF-4F6D-8B6E-528683402B20}.Release|x86.ActiveCfg = Release|Win32
		{D8A7210E-A0CF-4F6D-8B6E-528683402B20}.Release|x86.Build.0 = Release|Win32
	EndGlobalSection
	GlobalSection(SolutionProperties) = preSolution
		HideSolutionNode = FALSE
	EndGlobalSection
	GlobalSection(ExtensibilityGlobals) = postSolution
		SolutionGuid = {6E18F43A-54E0-473E-BA04-FA9ED69D3DDB}
	EndGlobalSection
EndGlobal
